
Microsoft Visual Studio Solution File, Format Version 12.00
# Visual Studio 2013
VisualStudioVersion = 12.0.40629.0
MinimumVisualStudioVersion = 10.0.40219.1
Project("{8BC9CEB8-8B4A-11D0-8D11-00A0C91BC942}") = "D", "D\D.vcxproj", "{109FEC70-5AE6-4B1F-AFDE-65C34F668464}"
EndProject
Project("{8BC9CEB8-8B4A-11D0-8D11-00A0C91BC942}") = "UnitTest1", "UnitTest1\UnitTest1.vcxproj", "{DC115FB6-1768-4E0A-A2F9-DC53C2AFB515}"
EndProject
Global
	GlobalSection(SolutionConfigurationPlatforms) = preSolution
		Debug|Win32 = Debug|Win32
		Release|Win32 = Release|Win32
	EndGlobalSection
	GlobalSection(ProjectConfigurationPlatforms) = postSolution
		{109FEC70-5AE6-4B1F-AFDE-65C34F668464}.Debug|Win32.ActiveCfg = Debug|Win32
		{109FEC70-5AE6-4B1F-AFDE-65C34F668464}.Debug|Win32.Build.0 = Debug|Win32
		{109FEC70-5AE6-4B1F-AFDE-65C34F668464}.Release|Win32.ActiveCfg = Release|Win32
		{109FEC70-5AE6-4B1F-AFDE-65C34F668464}.Release|Win32.Build.0 = Release|Win32
		{DC115FB6-1768-4E0A-A2F9-DC53C2AFB515}.Debug|Win32.ActiveCfg = Debug|Win32
		{DC115FB6-1768-4E0A-A2F9-DC53C2AFB515}.Debug|Win32.Build.0 = Debug|Win32
		{DC115FB6-1768-4E0A-A2F9-DC53C2AFB515}.Release|Win32.ActiveCfg = Release|Win32
		{DC115FB6-1768-4E0A-A2F9-DC53C2AFB515}.Release|Win32.Build.0 = Release|Win32
	EndGlobalSection
	GlobalSection(SolutionProperties) = preSolution
		HideSolutionNode = FALSE
	EndGlobalSection
EndGlobal
